
Microsoft Visual Studio Solution File, Format Version 12.00
# Visual Studio 15
VisualStudioVersion = 15.0.28307.421
MinimumVisualStudioVersion = 10.0.40219.1
Project("{8BC9CEB8-8B4A-11D0-8D11-00A0C91BC942}") = "DRAGandDROP", "DRAGandDROP\DRAGandDROP.vcxproj", "{452A9DA7-1889-427B-8965-E8FAAC3EF0AA}"
EndProject
Global
	GlobalSection(SolutionConfigurationPlatforms) = preSolution
		Debug|x64 = Debug|x64
		Debug|x86 = Debug|x86
		Release|x64 = Release|x64
		Release|x86 = Release|x86
	EndGlobalSection
	GlobalSection(ProjectConfigurationPlatforms) = postSolution
		{452A9DA7-1889-427B-8965-E8FAAC3EF0AA}.Debug|x64.ActiveCfg = Debug|x64
		{452A9DA7-1889-427B-8965-E8FAAC3EF0AA}.Debug|x64.Build.0 = Debug|x64
		{452A9DA7-1889-427B-8965-E8FAAC3EF0AA}.Debug|x86.ActiveCfg = Debug|Win32
		{452A9DA7-1889-427B-8965-E8FAAC3EF0AA}.Debug|x86.Build.0 = Debug|Win32
		{452A9DA7-1889-427B-8965-E8FAAC3EF0AA}.Release|x64.ActiveCfg = Release|x64
		{452A9DA7-1889-427B-8965-E8FAAC3EF0AA}.Release|x64.Build.0 = Release|x64
		{452A9DA7-1889-427B-8965-E8FAAC3EF0AA}.Release|x86.ActiveCfg = Release|Win32
		{452A9DA7-1889-427B-8965-E8FAAC3EF0AA}.Release|x86.Build.0 = Release|Win32
	EndGlobalSection
	GlobalSection(SolutionProperties) = preSolution
		HideSolutionNode = FALSE
	EndGlobalSection
	GlobalSection(ExtensibilityGlobals) = postSolution
		SolutionGuid = {0BCFF00D-8471-4458-BC59-F40BBF89DE5D}
	EndGlobalSection
EndGlobal
